Microsoft Visual Studio Solution File, Format Version 12.00
# Visual Studio Version 17
VisualStudioVersion = 17.5.2.0
MinimumVisualStudioVersion = 10.0.40219.1
Project("{FAE04EC0-301F-11D3-BF4B-00C04F79EFBC}") = "ImageServer.Api", "ImageServer.Api\ImageServer.Api.csproj", "{58E729FB-C1A8-4930-0FE7-633D4D2A0FED}"
EndProject
Project("{FAE04EC0-301F-11D3-BF4B-00C04F79EFBC}") = "ImageServer.Tests", "ImageServer.Tests\ImageServer.Tests.csproj", "{B47D9A8F-6E3B-4A2D-8C32-E9ECFA82D6A8}"
EndProject
Project("{FAE04EC0-301F-11D3-BF4B-00C04F79EFBC}") = "ImageServer.WPFClient", "ImageServer.WPFClient\ImageServer.WPFClient.csproj", "{C31A6526-B676-4B56-A9A6-70B171885A6E}"
EndProject
Global
	GlobalSection(SolutionConfigurationPlatforms) = preSolution
		Debug|Any CPU = Debug|Any CPU
		Release|Any CPU = Release|Any CPU
	EndGlobalSection
	GlobalSection(ProjectConfigurationPlatforms) = postSolution
		{58E729FB-C1A8-4930-0FE7-633D4D2A0FED}.Debug|Any CPU.ActiveCfg = Debug|Any CPU
		{58E729FB-C1A8-4930-0FE7-633D4D2A0FED}.Debug|Any CPU.Build.0 = Debug|Any CPU
		{58E729FB-C1A8-4930-0FE7-633D4D2A0FED}.Release|Any CPU.ActiveCfg = Release|Any CPU
		{58E729FB-C1A8-4930-0FE7-633D4D2A0FED}.Release|Any CPU.Build.0 = Release|Any CPU
		{B47D9A8F-6E3B-4A2D-8C32-E9ECFA82D6A8}.Debug|Any CPU.ActiveCfg = Debug|Any CPU
		{B47D9A8F-6E3B-4A2D-8C32-E9ECFA82D6A8}.Debug|Any CPU.Build.0 = Debug|Any CPU
		{B47D9A8F-6E3B-4A2D-8C32-E9ECFA82D6A8}.Release|Any CPU.ActiveCfg = Release|Any CPU
		{B47D9A8F-6E3B-4A2D-8C32-E9ECFA82D6A8}.Release|Any CPU.Build.0 = Release|Any CPU
		{C31A6526-B676-4B56-A9A6-70B171885A6E}.Debug|Any CPU.ActiveCfg = Debug|Any CPU
		{C31A6526-B676-4B56-A9A6-70B171885A6E}.Debug|Any CPU.Build.0 = Debug|Any CPU
		{C31A6526-B676-4B56-A9A6-70B171885A6E}.Release|Any CPU.ActiveCfg = Release|Any CPU
		{C31A6526-B676-4B56-A9A6-70B171885A6E}.Release|Any CPU.Build.0 = Release|Any CPU
	EndGlobalSection
	GlobalSection(SolutionProperties) = preSolution
		HideSolutionNode = FALSE
	EndGlobalSection
	GlobalSection(ExtensibilityGlobals) = postSolution
		SolutionGuid = {5DC9AC79-CA0B-4CB7-8FC9-F3E18E0E84B6}
	EndGlobalSection
EndGlobal
